
Microsoft Visual Studio Solution File, Format Version 12.00
# Visual Studio 15
VisualStudioVersion = 15.0.28307.421
MinimumVisualStudioVersion = 10.0.40219.1
Project("{FAE04EC0-301F-11D3-BF4B-00C04F79EFBC}") = "Yahalom", "Yahalom\Yahalom.csproj", "{47190F2D-4BB9-4DB6-893B-DE4B76C3CA36}"
EndProject
Global
	GlobalSection(SolutionConfigurationPlatforms) = preSolution
		Debug|Any CPU = Debug|Any CPU
		Release|Any CPU = Release|Any CPU
	EndGlobalSection
	GlobalSection(ProjectConfigurationPlatforms) = postSolution
		{47190F2D-4BB9-4DB6-893B-DE4B76C3CA36}.Debug|Any CPU.ActiveCfg = Debug|Any CPU
		{47190F2D-4BB9-4DB6-893B-DE4B76C3CA36}.Debug|Any CPU.Build.0 = Debug|Any CPU
		{47190F2D-4BB9-4DB6-893B-DE4B76C3CA36}.Release|Any CPU.ActiveCfg = Release|Any CPU
		{47190F2D-4BB9-4DB6-893B-DE4B76C3CA36}.Release|Any CPU.Build.0 = Release|Any CPU
	EndGlobalSection
	GlobalSection(SolutionProperties) = preSolution
		HideSolutionNode = FALSE
	EndGlobalSection
	GlobalSection(ExtensibilityGlobals) = postSolution
		SolutionGuid = {527E10F3-0BCC-4D4B-82AD-C8D2A1E5256E}
	EndGlobalSection
EndGlobal
